
Microsoft Visual Studio Solution File, Format Version 12.00
# Visual Studio Version 16
VisualStudioVersion = 16.0.32126.315
MinimumVisualStudioVersion = 10.0.40219.1
Project("{8BC9CEB8-8B4A-11D0-8D11-00A0C91BC942}") = "fluxfetch", "fluxfetch\fluxfetch.vcxproj", "{0CDAB3C0-B5DC-4952-B776-09F55385DADB}"
EndProject
Global
	GlobalSection(SolutionConfigurationPlatforms) = preSolution
		Debug|x64 = Debug|x64
		Debug|x86 = Debug|x86
		Release|x64 = Release|x64
		Release|x86 = Release|x86
	EndGlobalSection
	GlobalSection(ProjectConfigurationPlatforms) = postSolution
		{0CDAB3C0-B5DC-4952-B776-09F55385DADB}.Debug|x64.ActiveCfg = Debug|x64
		{0CDAB3C0-B5DC-4952-B776-09F55385DADB}.Debug|x64.Build.0 = Debug|x64
		{0CDAB3C0-B5DC-4952-B776-09F55385DADB}.Debug|x86.ActiveCfg = Debug|Win32
		{0CDAB3C0-B5DC-4952-B776-09F55385DADB}.Debug|x86.Build.0 = Debug|Win32
		{0CDAB3C0-B5DC-4952-B776-09F55385DADB}.Release|x64.ActiveCfg = Release|x64
		{0CDAB3C0-B5DC-4952-B776-09F55385DADB}.Release|x64.Build.0 = Release|x64
		{0CDAB3C0-B5DC-4952-B776-09F55385DADB}.Release|x86.ActiveCfg = Release|Win32
		{0CDAB3C0-B5DC-4952-B776-09F55385DADB}.Release|x86.Build.0 = Release|Win32
	EndGlobalSection
	GlobalSection(SolutionProperties) = preSolution
		HideSolutionNode = FALSE
	EndGlobalSection
	GlobalSection(ExtensibilityGlobals) = postSolution
		SolutionGuid = {728B5F09-7107-46D7-8932-EBD83A3B0DF9}
	EndGlobalSection
EndGlobal
